{
  "name": "node-rtsp-rtmp-server",
  "version": "0.4.0",
  "lockfileVersion": 1,
  "requires": true,
  "dependencies": {
    "ejs": {
      "version": "2.5.9",
      "resolved": "https://registry.npmjs.org/ejs/-/ejs-2.5.9.tgz",
      "integrity": "sha512-GJCAeDBKfREgkBtgrYSf9hQy9kTb3helv0zGdzqhM7iAkW8FA/ZF97VQDbwFiwIT8MQLLOe5VlPZOEvZAqtUAQ=="
    },
    "sequent": {
      "version": "0.1.2",
      "resolved": "https://registry.npmjs.org/sequent/-/sequent-0.1.2.tgz",
      "integrity": "sha1-8vYbGck8u1c144IcmMFft/HOtr4="
    }
  }
}
